
Microsoft Visual Studio Solution File, Format Version 12.00
# Visual Studio Version 16
VisualStudioVersion = 16.0.30120.98
MinimumVisualStudioVersion = 10.0.40219.1
Project("{FAE04EC0-301F-11D3-BF4B-00C04F79EFBC}") = "RestaurantLocation.Functions", "RestaurantLocation.Functions\RestaurantLocation.Functions.csproj", "{1EF722C3-2EA1-4786-A8F1-57FA5BE175E0}"
EndProject
Global
	GlobalSection(SolutionConfigurationPlatforms) = preSolution
		Debug|Any CPU = Debug|Any CPU
		Release|Any CPU = Release|Any CPU
	EndGlobalSection
	GlobalSection(ProjectConfigurationPlatforms) = postSolution
		{1EF722C3-2EA1-4786-A8F1-57FA5BE175E0}.Debug|Any CPU.ActiveCfg = Debug|Any CPU
		{1EF722C3-2EA1-4786-A8F1-57FA5BE175E0}.Debug|Any CPU.Build.0 = Debug|Any CPU
		{1EF722C3-2EA1-4786-A8F1-57FA5BE175E0}.Release|Any CPU.ActiveCfg = Release|Any CPU
		{1EF722C3-2EA1-4786-A8F1-57FA5BE175E0}.Release|Any CPU.Build.0 = Release|Any CPU
	EndGlobalSection
	GlobalSection(SolutionProperties) = preSolution
		HideSolutionNode = FALSE
	EndGlobalSection
	GlobalSection(ExtensibilityGlobals) = postSolution
		SolutionGuid = {536AF858-5EEF-4EEA-9DF0-47EF6D5FACBA}
	EndGlobalSection
EndGlobal
